PATH
  remote: .
  specs:
    fluent-plugin-munin (0.1.2)
      fluentd

GEM
  remote: http://rubygems.org/
  specs:
    cool.io (1.1.0)
      iobuffer (>= 1.0.0)
    fluentd (0.10.26)
      cool.io (~> 1.1.0)
      http_parser.rb (~> 0.5.1)
      json (>= 1.4.3)
      msgpack (~> 0.4.4)
      yajl-ruby (~> 1.0)
    http_parser.rb (0.5.3)
    iobuffer (1.1.2)
    json (1.7.5)
    msgpack (0.4.7)
    munin-ruby (0.2.3)
    yajl-ruby (1.1.0)

PLATFORMS
  ruby

DEPENDENCIES
  fluent-plugin-munin!
  fluentd
  munin-ruby
